// !$*UTF8*$!
{
	archiveVersion = 1;
	classes = {
	};
	objectVersion = 77;
	objects = {

/* Begin PBXBuildFile section */
		7D188A3A2D2BFB1D002012DC /* FirebaseAnalytics in Frameworks */ = {isa = PBXBuildFile; productRef = 7D188A392D2BFB1D002012DC /* FirebaseAnalytics */; };
		7D188A3C2D2BFB1D002012DC /* FirebaseAuth in Frameworks */ = {isa = PBXBuildFile; productRef = 7D188A3B2D2BFB1D002012DC /* FirebaseAuth */; };
		7D188A3E2D2BFB1D002012DC /* FirebaseCore in Frameworks */ = {isa = PBXBuildFile; productRef = 7D188A3D2D2BFB1D002012DC /* FirebaseCore */; };
		7D188A402D2BFB1D002012DC /* FirebaseDatabase in Frameworks */ = {isa = PBXBuildFile; productRef = 7D188A3F2D2BFB1D002012DC /* FirebaseDatabase */; };
		7D188A422D2BFB1D002012DC /* FirebaseFirestore in Frameworks */ = {isa = PBXBuildFile; productRef = 7D188A412D2BFB1D002012DC /* FirebaseFirestore */; };
		7D188A442D2BFB1D002012DC /* FirebaseInAppMessaging-Beta in Frameworks */ = {isa = PBXBuildFile; productRef = 7D188A432D2BFB1D002012DC /* FirebaseInAppMessaging-Beta */; };
		7D188A462D2BFB1D002012DC /* FirebaseMessaging in Frameworks */ = {isa = PBXBuildFile; productRef = 7D188A452D2BFB1D002012DC /* FirebaseMessaging */; };
		7D188A482D2BFB1D002012DC /* FirebaseStorage in Frameworks */ = {isa = PBXBuildFile; productRef = 7D188A472D2BFB1D002012DC /* FirebaseStorage */; };
		7D77DA042D2D25DE0086832F /* FacebookCore in Frameworks */ = {isa = PBXBuildFile; productRef = 7D77DA032D2D25DE0086832F /* FacebookCore */; };
		7D77DA062D2D25DE0086832F /* FacebookLogin in Frameworks */ = {isa = PBXBuildFile; productRef = 7D77DA052D2D25DE0086832F /* FacebookLogin */; };
		7D77DA082D2D25DE0086832F /* FacebookShare in Frameworks */ = {isa = PBXBuildFile; productRef = 7D77DA072D2D25DE0086832F /* FacebookShare */; };
		7D77DA1E2D2D85DC0086832F /* GoogleSignIn in Frameworks */ = {isa = PBXBuildFile; productRef = 7D77DA1D2D2D85DC0086832F /* GoogleSignIn */; };
		7D77DA202D2D85DC0086832F /* GoogleSignInSwift in Frameworks */ = {isa = PBXBuildFile; productRef = 7D77DA1F2D2D85DC0086832F /* GoogleSignInSwift */; };
		7DC0D87D2D4CEABA00A73BE8 /* MessageKit in Frameworks */ = {isa = PBXBuildFile; productRef = 7DC0D87C2D4CEABA00A73BE8 /* MessageKit */; };
		7DC0D8802D4CEB2F00A73BE8 /* JGProgressHUD in Frameworks */ = {isa = PBXBuildFile; productRef = 7DC0D87F2D4CEB2F00A73BE8 /* JGProgressHUD */; };
		7DC0D8852D4CEC4C00A73BE8 /* RealmSwift in Frameworks */ = {isa = PBXBuildFile; productRef = 7DC0D8842D4CEC4C00A73BE8 /* RealmSwift */; };
		7DC0D8862D4CEDA100A73BE8 /* RealmSwift in Embed Frameworks */ = {isa = PBXBuildFile; productRef = 7DC0D8842D4CEC4C00A73BE8 /* RealmSwift */; settings = {ATTRIBUTES = (CodeSignOnCopy, ); }; };
		7DC0D88A2D4CEE2000A73BE8 /* SDWebImage in Frameworks */ = {isa = PBXBuildFile; productRef = 7DC0D8892D4CEE2000A73BE8 /* SDWebImage */; };
		7DC0D88C2D4CEE2000A73BE8 /* SDWebImageMapKit in Frameworks */ = {isa = PBXBuildFile; productRef = 7DC0D88B2D4CEE2000A73BE8 /* SDWebImageMapKit */; };
/* End PBXBuildFile section */

/* Begin PBXCopyFilesBuildPhase section */
		7DC0D8872D4CEDA100A73BE8 /* Embed Frameworks */ = {
			isa = PBXCopyFilesBuildPhase;
			buildActionMask = 2147483647;
			dstPath = "";
			dstSubfolderSpec = 10;
			files = (
				7DC0D8862D4CEDA100A73BE8 /* RealmSwift in Embed Frameworks */,
			);
			name = "Embed Frameworks";
			runOnlyForDeploymentPostprocessing = 0;
		};
/* End PBXCopyFilesBuildPhase section */

/* Begin PBXFileReference section */
		7D4F208B2D29A134007DFD7A /* Talksy.app */ = {isa = PBXFileReference; explicitFileType = wrapper.application; includeInIndex = 0; path = Talksy.app; sourceTree = BUILT_PRODUCTS_DIR; };
/* End PBXFileReference section */

/* Begin PBXFileSystemSynchronizedBuildFileExceptionSet section */
		7D4F209D2D29A135007DFD7A /* Exceptions for "Talksy" folder in "Talksy" target */ = {
			isa = PBXFileSystemSynchronizedBuildFileExceptionSet;
			membershipExceptions = (
				Info.plist,
			);
			target = 7D4F208A2D29A134007DFD7A /* Talksy */;
		};
/* End PBXFileSystemSynchronizedBuildFileExceptionSet section */

/* Begin PBXFileSystemSynchronizedRootGroup section */
		7D4F208D2D29A134007DFD7A /* Talksy */ = {
			isa = PBXFileSystemSynchronizedRootGroup;
			exceptions = (
				7D4F209D2D29A135007DFD7A /* Exceptions for "Talksy" folder in "Talksy" target */,
			);
			path = Talksy;
			sourceTree = "<group>";
		};
/* End PBXFileSystemSynchronizedRootGroup section */

/* Begin PBXFrameworksBuildPhase section */
		7D4F20882D29A134007DFD7A /* Frameworks */ = {
			isa = PBXFrameworksBuildPhase;
			buildActionMask = 2147483647;
			files = (
				7D77DA062D2D25DE0086832F /* FacebookLogin in Frameworks */,
				7D188A3A2D2BFB1D002012DC /* FirebaseAnalytics in Frameworks */,
				7D188A3E2D2BFB1D002012DC /* FirebaseCore in Frameworks */,
				7DC0D87D2D4CEABA00A73BE8 /* MessageKit in Frameworks */,
				7DC0D8802D4CEB2F00A73BE8 /* JGProgressHUD in Frameworks */,
				7D188A462D2BFB1D002012DC /* FirebaseMessaging in Frameworks */,
				7D188A402D2BFB1D002012DC /* FirebaseDatabase in Frameworks */,
				7D77DA202D2D85DC0086832F /* GoogleSignInSwift in Frameworks */,
				7DC0D8852D4CEC4C00A73BE8 /* RealmSwift in Frameworks */,
				7D77DA1E2D2D85DC0086832F /* GoogleSignIn in Frameworks */,
				7DC0D88C2D4CEE2000A73BE8 /* SDWebImageMapKit in Frameworks */,
				7D188A422D2BFB1D002012DC /* FirebaseFirestore in Frameworks */,
				7D188A482D2BFB1D002012DC /* FirebaseStorage in Frameworks */,
				7D77DA082D2D25DE0086832F /* FacebookShare in Frameworks */,
				7D188A3C2D2BFB1D002012DC /* FirebaseAuth in Frameworks */,
				7D77DA042D2D25DE0086832F /* FacebookCore in Frameworks */,
				7D188A442D2BFB1D002012DC /* FirebaseInAppMessaging-Beta in Frameworks */,
				7DC0D88A2D4CEE2000A73BE8 /* SDWebImage in Frameworks */,
			);
			runOnlyForDeploymentPostprocessing = 0;
		};
/* End PBXFrameworksBuildPhase section */

/* Begin PBXGroup section */
		7D4F20822D29A134007DFD7A = {
			isa = PBXGroup;
			children = (
				7D4F208D2D29A134007DFD7A /* Talksy */,
				7D95A0A52D50B61100A56482 /* Frameworks */,
				7D4F208C2D29A134007DFD7A /* Products */,
			);
			sourceTree = "<group>";
		};
		7D4F208C2D29A134007DFD7A /* Products */ = {
			isa = PBXGroup;
			children = (
				7D4F208B2D29A134007DFD7A /* Talksy.app */,
			);
			name = Products;
			sourceTree = "<group>";
		};
		7D95A0A52D50B61100A56482 /* Frameworks */ = {
			isa = PBXGroup;
			children = (
			);
			name = Frameworks;
			sourceTree = "<group>";
		};
/* End PBXGroup section */

/* Begin PBXNativeTarget section */
		7D4F208A2D29A134007DFD7A /* Talksy */ = {
			isa = PBXNativeTarget;
			buildConfigurationList = 7D4F209E2D29A135007DFD7A /* Build configuration list for PBXNativeTarget "Talksy" */;
			buildPhases = (
				7D4F20872D29A134007DFD7A /* Sources */,
				7D4F20882D29A134007DFD7A /* Frameworks */,
				7D4F20892D29A134007DFD7A /* Resources */,
				7DC0D8872D4CEDA100A73BE8 /* Embed Frameworks */,
			);
			buildRules = (
			);
			dependencies = (
			);
			fileSystemSynchronizedGroups = (
				7D4F208D2D29A134007DFD7A /* Talksy */,
			);
			name = Talksy;
			packageProductDependencies = (
				7D188A392D2BFB1D002012DC /* FirebaseAnalytics */,
				7D188A3B2D2BFB1D002012DC /* FirebaseAuth */,
				7D188A3D2D2BFB1D002012DC /* FirebaseCore */,
				7D188A3F2D2BFB1D002012DC /* FirebaseDatabase */,
				7D188A412D2BFB1D002012DC /* FirebaseFirestore */,
				7D188A432D2BFB1D002012DC /* FirebaseInAppMessaging-Beta */,
				7D188A452D2BFB1D002012DC /* FirebaseMessaging */,
				7D188A472D2BFB1D002012DC /* FirebaseStorage */,
				7D77DA032D2D25DE0086832F /* FacebookCore */,
				7D77DA052D2D25DE0086832F /* FacebookLogin */,
				7D77DA072D2D25DE0086832F /* FacebookShare */,
				7D77DA1D2D2D85DC0086832F /* GoogleSignIn */,
				7D77DA1F2D2D85DC0086832F /* GoogleSignInSwift */,
				7DC0D87C2D4CEABA00A73BE8 /* MessageKit */,
				7DC0D87F2D4CEB2F00A73BE8 /* JGProgressHUD */,
				7DC0D8842D4CEC4C00A73BE8 /* RealmSwift */,
				7DC0D8892D4CEE2000A73BE8 /* SDWebImage */,
				7DC0D88B2D4CEE2000A73BE8 /* SDWebImageMapKit */,
			);
			productName = Talksy;
			productReference = 7D4F208B2D29A134007DFD7A /* Talksy.app */;
			productType = "com.apple.product-type.application";
		};
/* End PBXNativeTarget section */

/* Begin PBXProject section */
		7D4F20832D29A134007DFD7A /* Project object */ = {
			isa = PBXProject;
			attributes = {
				BuildIndependentTargetsInParallel = 1;
				LastSwiftUpdateCheck = 1620;
				LastUpgradeCheck = 1620;
				TargetAttributes = {
					7D4F208A2D29A134007DFD7A = {
						CreatedOnToolsVersion = 16.2;
					};
				};
			};
			buildConfigurationList = 7D4F20862D29A134007DFD7A /* Build configuration list for PBXProject "Talksy" */;
			developmentRegion = en;
			hasScannedForEncodings = 0;
			knownRegions = (
				en,
				Base,
			);
			mainGroup = 7D4F20822D29A134007DFD7A;
			minimizedProjectReferenceProxies = 1;
			packageReferences = (
				7D188A382D2BFB1D002012DC /* XCRemoteSwiftPackageReference "firebase-ios-sdk" */,
				7D77DA022D2D1C690086832F /* XCRemoteSwiftPackageReference "facebook-ios-sdk" */,
				7D77DA1C2D2D85DC0086832F /* XCRemoteSwiftPackageReference "GoogleSignIn-iOS" */,
				7DC0D87B2D4CEABA00A73BE8 /* XCRemoteSwiftPackageReference "MessageKit" */,
				7DC0D87E2D4CEB2F00A73BE8 /* XCRemoteSwiftPackageReference "JGProgressHUD" */,
				7DC0D8812D4CEC4C00A73BE8 /* XCRemoteSwiftPackageReference "realm-swift" */,
				7DC0D8882D4CEE2000A73BE8 /* XCRemoteSwiftPackageReference "SDWebImage" */,
			);
			preferredProjectObjectVersion = 77;
			productRefGroup = 7D4F208C2D29A134007DFD7A /* Products */;
			projectDirPath = "";
			projectRoot = "";
			targets = (
				7D4F208A2D29A134007DFD7A /* Talksy */,
			);
		};
/* End PBXProject section */

/* Begin PBXResourcesBuildPhase section */
		7D4F20892D29A134007DFD7A /* Resources */ = {
			isa = PBXResourcesBuildPhase;
			buildActionMask = 2147483647;
			files = (
			);
			runOnlyForDeploymentPostprocessing = 0;
		};
/* End PBXResourcesBuildPhase section */

/* Begin PBXSourcesBuildPhase section */
		7D4F20872D29A134007DFD7A /* Sources */ = {
			isa = PBXSourcesBuildPhase;
			buildActionMask = 2147483647;
			files = (
			);
			runOnlyForDeploymentPostprocessing = 0;
		};
/* End PBXSourcesBuildPhase section */

/* Begin XCBuildConfiguration section */
		7D4F209F2D29A135007DFD7A /* Debug */ = {
			isa = XCBuildConfiguration;
			buildSettings = {
				ASSETCATALOG_COMPILER_APPICON_NAME = AppIcon;
				ASSETCATALOG_COMPILER_GLOBAL_ACCENT_COLOR_NAME = AccentColor;
				CODE_SIGN_ENTITLEMENTS = Talksy/Talksy.entitlements;
				CODE_SIGN_STYLE = Automatic;
				CURRENT_PROJECT_VERSION = 1;
				DEVELOPMENT_TEAM = 57D289PS4W;
				GENERATE_INFOPLIST_FILE = YES;
				INFOPLIST_FILE = Talksy/Info.plist;
				INFOPLIST_KEY_NSCameraUsageDescription = "Please allow access to take a profile picture.";
				INFOPLIST_KEY_NSPhotoLibraryAddUsageDescription = "Please allow access to select a photo for your profile.";
				INFOPLIST_KEY_UIApplicationSupportsIndirectInputEvents = YES;
				INFOPLIST_KEY_UILaunchStoryboardName = LaunchScreen;
				INFOPLIST_KEY_UIMainStoryboardFile = Main;
				INFOPLIST_KEY_UISupportedInterfaceOrientations = UIInterfaceOrientationPortrait;
				IPHONEOS_DEPLOYMENT_TARGET = 15.6;
				LD_RUNPATH_SEARCH_PATHS = (
					"$(inherited)",
					"@executable_path/Frameworks",
				);
				MARKETING_VERSION = 1.0;
				PRODUCT_BUNDLE_IDENTIFIER = com.devsmi.Talksy;
				PRODUCT_NAME = "$(TARGET_NAME)";
				SWIFT_EMIT_LOC_STRINGS = YES;
				SWIFT_VERSION = 5.0;
				TARGETED_DEVICE_FAMILY = "1,2";
			};
			name = Debug;
		};
		7D4F20A02D29A135007DFD7A /* Release */ = {
			isa = XCBuildConfiguration;
			buildSettings = {
				ASSETCATALOG_COMPILER_APPICON_NAME = AppIcon;
				ASSETCATALOG_COMPILER_GLOBAL_ACCENT_COLOR_NAME = AccentColor;
				CODE_SIGN_ENTITLEMENTS = Talksy/Talksy.entitlements;
				CODE_SIGN_STYLE = Automatic;
				CURRENT_PROJECT_VERSION = 1;
				DEVELOPMENT_TEAM = 57D289PS4W;
				GENERATE_INFOPLIST_FILE = YES;
				INFOPLIST_FILE = Talksy/Info.plist;
				INFOPLIST_KEY_NSCameraUsageDescription = "Please allow access to take a profile picture.";
				INFOPLIST_KEY_NSPhotoLibraryAddUsageDescription = "Please allow access to select a photo for your profile.";
				INFOPLIST_KEY_UIApplicationSupportsIndirectInputEvents = YES;
				INFOPLIST_KEY_UILaunchStoryboardName = LaunchScreen;
				INFOPLIST_KEY_UIMainStoryboardFile = Main;
				INFOPLIST_KEY_UISupportedInterfaceOrientations = UIInterfaceOrientationPortrait;
				IPHONEOS_DEPLOYMENT_TARGET = 15.6;
				LD_RUNPATH_SEARCH_PATHS = (
					"$(inherited)",
					"@executable_path/Frameworks",
				);
				MARKETING_VERSION = 1.0;
				PRODUCT_BUNDLE_IDENTIFIER = com.devsmi.Talksy;
				PRODUCT_NAME = "$(TARGET_NAME)";
				SWIFT_EMIT_LOC_STRINGS = YES;
				SWIFT_VERSION = 5.0;
				TARGETED_DEVICE_FAMILY = "1,2";
			};
			name = Release;
		};
		7D4F20A12D29A135007DFD7A /* Debug */ = {
			isa = XCBuildConfiguration;
			buildSettings = {
				ALWAYS_SEARCH_USER_PATHS = NO;
				ASSETCATALOG_COMPILER_GENERATE_SWIFT_ASSET_SYMBOL_EXTENSIONS = YES;
				CLANG_ANALYZER_NONNULL = YES;
				CLANG_ANALYZER_NUMBER_OBJECT_CONVERSION = YES_AGGRESSIVE;
				CLANG_CXX_LANGUAGE_STANDARD = "gnu++20";
				CLANG_ENABLE_MODULES = YES;
				CLANG_ENABLE_OBJC_ARC = YES;
				CLANG_ENABLE_OBJC_WEAK = YES;
				CLANG_WARN_BLOCK_CAPTURE_AUTORELEASING = YES;
				CLANG_WARN_BOOL_CONVERSION = YES;
				CLANG_WARN_COMMA = YES;
				CLANG_WARN_CONSTANT_CONVERSION = YES;
				CLANG_WARN_DEPRECATED_OBJC_IMPLEMENTATIONS = YES;
				CLANG_WARN_DIRECT_OBJC_ISA_USAGE = YES_ERROR;
				CLANG_WARN_DOCUMENTATION_COMMENTS = YES;
				CLANG_WARN_EMPTY_BODY = YES;
				CLANG_WARN_ENUM_CONVERSION = YES;
				CLANG_WARN_INFINITE_RECURSION = YES;
				CLANG_WARN_INT_CONVERSION = YES;
				CLANG_WARN_NON_LITERAL_NULL_CONVERSION = YES;
				CLANG_WARN_OBJC_IMPLICIT_RETAIN_SELF = YES;
				CLANG_WARN_OBJC_LITERAL_CONVERSION = YES;
				CLANG_WARN_OBJC_ROOT_CLASS = YES_ERROR;
				CLANG_WARN_QUOTED_INCLUDE_IN_FRAMEWORK_HEADER = YES;
				CLANG_WARN_RANGE_LOOP_ANALYSIS = YES;
				CLANG_WARN_STRICT_PROTOTYPES = YES;
				CLANG_WARN_SUSPICIOUS_MOVE = YES;
				CLANG_WARN_UNGUARDED_AVAILABILITY = YES_AGGRESSIVE;
				CLANG_WARN_UNREACHABLE_CODE = YES;
				CLANG_WARN__DUPLICATE_METHOD_MATCH = YES;
				COPY_PHASE_STRIP = NO;
				DEBUG_INFORMATION_FORMAT = dwarf;
				ENABLE_STRICT_OBJC_MSGSEND = YES;
				ENABLE_TESTABILITY = YES;
				ENABLE_USER_SCRIPT_SANDBOXING = YES;
				GCC_C_LANGUAGE_STANDARD = gnu17;
				GCC_DYNAMIC_NO_PIC = NO;
				GCC_NO_COMMON_BLOCKS = YES;
				GCC_OPTIMIZATION_LEVEL = 0;
				GCC_PREPROCESSOR_DEFINITIONS = (
					"DEBUG=1",
					"$(inherited)",
				);
				GCC_WARN_64_TO_32_BIT_CONVERSION = YES;
				GCC_WARN_ABOUT_RETURN_TYPE = YES_ERROR;
				GCC_WARN_UNDECLARED_SELECTOR = YES;
				GCC_WARN_UNINITIALIZED_AUTOS = YES_AGGRESSIVE;
				GCC_WARN_UNUSED_FUNCTION = YES;
				GCC_WARN_UNUSED_VARIABLE = YES;
				IPHONEOS_DEPLOYMENT_TARGET = 18.2;
				LOCALIZATION_PREFERS_STRING_CATALOGS = YES;
				MTL_ENABLE_DEBUG_INFO = INCLUDE_SOURCE;
				MTL_FAST_MATH = YES;
				ONLY_ACTIVE_ARCH = YES;
				SDKROOT = iphoneos;
				SWIFT_ACTIVE_COMPILATION_CONDITIONS = "DEBUG $(inherited)";
				SWIFT_OPTIMIZATION_LEVEL = "-Onone";
			};
			name = Debug;
		};
		7D4F20A22D29A135007DFD7A /* Release */ = {
			isa = XCBuildConfiguration;
			buildSettings = {
				ALWAYS_SEARCH_USER_PATHS = NO;
				ASSETCATALOG_COMPILER_GENERATE_SWIFT_ASSET_SYMBOL_EXTENSIONS = YES;
				CLANG_ANALYZER_NONNULL = YES;
				CLANG_ANALYZER_NUMBER_OBJECT_CONVERSION = YES_AGGRESSIVE;
				CLANG_CXX_LANGUAGE_STANDARD = "gnu++20";
				CLANG_ENABLE_MODULES = YES;
				CLANG_ENABLE_OBJC_ARC = YES;
				CLANG_ENABLE_OBJC_WEAK = YES;
				CLANG_WARN_BLOCK_CAPTURE_AUTORELEASING = YES;
				CLANG_WARN_BOOL_CONVERSION = YES;
				CLANG_WARN_COMMA = YES;
				CLANG_WARN_CONSTANT_CONVERSION = YES;
				CLANG_WARN_DEPRECATED_OBJC_IMPLEMENTATIONS = YES;
				CLANG_WARN_DIRECT_OBJC_ISA_USAGE = YES_ERROR;
				CLANG_WARN_DOCUMENTATION_COMMENTS = YES;
				CLANG_WARN_EMPTY_BODY = YES;
				CLANG_WARN_ENUM_CONVERSION = YES;
				CLANG_WARN_INFINITE_RECURSION = YES;
				CLANG_WARN_INT_CONVERSION = YES;
				CLANG_WARN_NON_LITERAL_NULL_CONVERSION = YES;
				CLANG_WARN_OBJC_IMPLICIT_RETAIN_SELF = YES;
				CLANG_WARN_OBJC_LITERAL_CONVERSION = YES;
				CLANG_WARN_OBJC_ROOT_CLASS = YES_ERROR;
				CLANG_WARN_QUOTED_INCLUDE_IN_FRAMEWORK_HEADER = YES;
				CLANG_WARN_RANGE_LOOP_ANALYSIS = YES;
				CLANG_WARN_STRICT_PROTOTYPES = YES;
				CLANG_WARN_SUSPICIOUS_MOVE = YES;
				CLANG_WARN_UNGUARDED_AVAILABILITY = YES_AGGRESSIVE;
				CLANG_WARN_UNREACHABLE_CODE = YES;
				CLANG_WARN__DUPLICATE_METHOD_MATCH = YES;
				COPY_PHASE_STRIP = NO;
				DEBUG_INFORMATION_FORMAT = "dwarf-with-dsym";
				ENABLE_NS_ASSERTIONS = NO;
				ENABLE_STRICT_OBJC_MSGSEND = YES;
				ENABLE_USER_SCRIPT_SANDBOXING = YES;
				GCC_C_LANGUAGE_STANDARD = gnu17;
				GCC_NO_COMMON_BLOCKS = YES;
				GCC_WARN_64_TO_32_BIT_CONVERSION = YES;
				GCC_WARN_ABOUT_RETURN_TYPE = YES_ERROR;
				GCC_WARN_UNDECLARED_SELECTOR = YES;
				GCC_WARN_UNINITIALIZED_AUTOS = YES_AGGRESSIVE;
				GCC_WARN_UNUSED_FUNCTION = YES;
				GCC_WARN_UNUSED_VARIABLE = YES;
				IPHONEOS_DEPLOYMENT_TARGET = 18.2;
				LOCALIZATION_PREFERS_STRING_CATALOGS = YES;
				MTL_ENABLE_DEBUG_INFO = NO;
				MTL_FAST_MATH = YES;
				SDKROOT = iphoneos;
				SWIFT_COMPILATION_MODE = wholemodule;
				VALIDATE_PRODUCT = YES;
			};
			name = Release;
		};
/* End XCBuildConfiguration section */

/* Begin XCConfigurationList section */
		7D4F20862D29A134007DFD7A /* Build configuration list for PBXProject "Talksy" */ = {
			isa = XCConfigurationList;
			buildConfigurations = (
				7D4F20A12D29A135007DFD7A /* Debug */,
				7D4F20A22D29A135007DFD7A /* Release */,
			);
			defaultConfigurationIsVisible = 0;
			defaultConfigurationName = Release;
		};
		7D4F209E2D29A135007DFD7A /* Build configuration list for PBXNativeTarget "Talksy" */ = {
			isa = XCConfigurationList;
			buildConfigurations = (
				7D4F209F2D29A135007DFD7A /* Debug */,
				7D4F20A02D29A135007DFD7A /* Release */,
			);
			defaultConfigurationIsVisible = 0;
			defaultConfigurationName = Release;
		};
/* End XCConfigurationList section */

/* Begin XCRemoteSwiftPackageReference section */
		7D188A382D2BFB1D002012DC /* XCRemoteSwiftPackageReference "firebase-ios-sdk" */ = {
			isa = XCRemoteSwiftPackageReference;
			repositoryURL = "https://github.com/firebase/firebase-ios-sdk";
			requirement = {
				kind = upToNextMajorVersion;
				minimumVersion = 11.6.0;
			};
		};
		7D77DA022D2D1C690086832F /* XCRemoteSwiftPackageReference "facebook-ios-sdk" */ = {
			isa = XCRemoteSwiftPackageReference;
			repositoryURL = "https://github.com/facebook/facebook-ios-sdk";
			requirement = {
				kind = upToNextMajorVersion;
				minimumVersion = 14.1.0;
			};
		};
		7D77DA1C2D2D85DC0086832F /* XCRemoteSwiftPackageReference "GoogleSignIn-iOS" */ = {
			isa = XCRemoteSwiftPackageReference;
			repositoryURL = "https://github.com/google/GoogleSignIn-iOS";
			requirement = {
				kind = upToNextMajorVersion;
				minimumVersion = 8.0.0;
			};
		};
		7DC0D87B2D4CEABA00A73BE8 /* XCRemoteSwiftPackageReference "MessageKit" */ = {
			isa = XCRemoteSwiftPackageReference;
			repositoryURL = "https://github.com/MessageKit/MessageKit.git";
			requirement = {
				kind = upToNextMajorVersion;
				minimumVersion = 5.0.0;
			};
		};
		7DC0D87E2D4CEB2F00A73BE8 /* XCRemoteSwiftPackageReference "JGProgressHUD" */ = {
			isa = XCRemoteSwiftPackageReference;
			repositoryURL = "https://github.com/JonasGessner/JGProgressHUD.git";
			requirement = {
				kind = upToNextMajorVersion;
				minimumVersion = 2.2.0;
			};
		};
		7DC0D8812D4CEC4C00A73BE8 /* XCRemoteSwiftPackageReference "realm-swift" */ = {
			isa = XCRemoteSwiftPackageReference;
			repositoryURL = "https://github.com/realm/realm-swift.git";
			requirement = {
				branch = master;
				kind = branch;
			};
		};
		7DC0D8882D4CEE2000A73BE8 /* XCRemoteSwiftPackageReference "SDWebImage" */ = {
			isa = XCRemoteSwiftPackageReference;
			repositoryURL = "https://github.com/SDWebImage/SDWebImage.git";
			requirement = {
				kind = upToNextMajorVersion;
				minimumVersion = 5.20.0;
			};
		};
/* End XCRemoteSwiftPackageReference section */

/* Begin XCSwiftPackageProductDependency section */
		7D188A392D2BFB1D002012DC /* FirebaseAnalytics */ = {
			isa = XCSwiftPackageProductDependency;
			package = 7D188A382D2BFB1D002012DC /* XCRemoteSwiftPackageReference "firebase-ios-sdk" */;
			productName = FirebaseAnalytics;
		};
		7D188A3B2D2BFB1D002012DC /* FirebaseAuth */ = {
			isa = XCSwiftPackageProductDependency;
			package = 7D188A382D2BFB1D002012DC /* XCRemoteSwiftPackageReference "firebase-ios-sdk" */;
			productName = FirebaseAuth;
		};
		7D188A3D2D2BFB1D002012DC /* FirebaseCore */ = {
			isa = XCSwiftPackageProductDependency;
			package = 7D188A382D2BFB1D002012DC /* XCRemoteSwiftPackageReference "firebase-ios-sdk" */;
			productName = FirebaseCore;
		};
		7D188A3F2D2BFB1D002012DC /* FirebaseDatabase */ = {
			isa = XCSwiftPackageProductDependency;
			package = 7D188A382D2BFB1D002012DC /* XCRemoteSwiftPackageReference "firebase-ios-sdk" */;
			productName = FirebaseDatabase;
		};
		7D188A412D2BFB1D002012DC /* FirebaseFirestore */ = {
			isa = XCSwiftPackageProductDependency;
			package = 7D188A382D2BFB1D002012DC /* XCRemoteSwiftPackageReference "firebase-ios-sdk" */;
			productName = FirebaseFirestore;
		};
		7D188A432D2BFB1D002012DC /* FirebaseInAppMessaging-Beta */ = {
			isa = XCSwiftPackageProductDependency;
			package = 7D188A382D2BFB1D002012DC /* XCRemoteSwiftPackageReference "firebase-ios-sdk" */;
			productName = "FirebaseInAppMessaging-Beta";
		};
		7D188A452D2BFB1D002012DC /* FirebaseMessaging */ = {
			isa = XCSwiftPackageProductDependency;
			package = 7D188A382D2BFB1D002012DC /* XCRemoteSwiftPackageReference "firebase-ios-sdk" */;
			productName = FirebaseMessaging;
		};
		7D188A472D2BFB1D002012DC /* FirebaseStorage */ = {
			isa = XCSwiftPackageProductDependency;
			package = 7D188A382D2BFB1D002012DC /* XCRemoteSwiftPackageReference "firebase-ios-sdk" */;
			productName = FirebaseStorage;
		};
		7D77DA032D2D25DE0086832F /* FacebookCore */ = {
			isa = XCSwiftPackageProductDependency;
			package = 7D77DA022D2D1C690086832F /* XCRemoteSwiftPackageReference "facebook-ios-sdk" */;
			productName = FacebookCore;
		};
		7D77DA052D2D25DE0086832F /* FacebookLogin */ = {
			isa = XCSwiftPackageProductDependency;
			package = 7D77DA022D2D1C690086832F /* XCRemoteSwiftPackageReference "facebook-ios-sdk" */;
			productName = FacebookLogin;
		};
		7D77DA072D2D25DE0086832F /* FacebookShare */ = {
			isa = XCSwiftPackageProductDependency;
			package = 7D77DA022D2D1C690086832F /* XCRemoteSwiftPackageReference "facebook-ios-sdk" */;
			productName = FacebookShare;
		};
		7D77DA1D2D2D85DC0086832F /* GoogleSignIn */ = {
			isa = XCSwiftPackageProductDependency;
			package = 7D77DA1C2D2D85DC0086832F /* XCRemoteSwiftPackageReference "GoogleSignIn-iOS" */;
			productName = GoogleSignIn;
		};
		7D77DA1F2D2D85DC0086832F /* GoogleSignInSwift */ = {
			isa = XCSwiftPackageProductDependency;
			package = 7D77DA1C2D2D85DC0086832F /* XCRemoteSwiftPackageReference "GoogleSignIn-iOS" */;
			productName = GoogleSignInSwift;
		};
		7DC0D87C2D4CEABA00A73BE8 /* MessageKit */ = {
			isa = XCSwiftPackageProductDependency;
			package = 7DC0D87B2D4CEABA00A73BE8 /* XCRemoteSwiftPackageReference "MessageKit" */;
			productName = MessageKit;
		};
		7DC0D87F2D4CEB2F00A73BE8 /* JGProgressHUD */ = {
			isa = XCSwiftPackageProductDependency;
			package = 7DC0D87E2D4CEB2F00A73BE8 /* XCRemoteSwiftPackageReference "JGProgressHUD" */;
			productName = JGProgressHUD;
		};
		7DC0D8842D4CEC4C00A73BE8 /* RealmSwift */ = {
			isa = XCSwiftPackageProductDependency;
			package = 7DC0D8812D4CEC4C00A73BE8 /* XCRemoteSwiftPackageReference "realm-swift" */;
			productName = RealmSwift;
		};
		7DC0D8892D4CEE2000A73BE8 /* SDWebImage */ = {
			isa = XCSwiftPackageProductDependency;
			package = 7DC0D8882D4CEE2000A73BE8 /* XCRemoteSwiftPackageReference "SDWebImage" */;
			productName = SDWebImage;
		};
		7DC0D88B2D4CEE2000A73BE8 /* SDWebImageMapKit */ = {
			isa = XCSwiftPackageProductDependency;
			package = 7DC0D8882D4CEE2000A73BE8 /* XCRemoteSwiftPackageReference "SDWebImage" */;
			productName = SDWebImageMapKit;
		};
/* End XCSwiftPackageProductDependency section */
	};
	rootObject = 7D4F20832D29A134007DFD7A /* Project object */;
}
